
Microsoft Visual Studio Solution File, Format Version 12.00
# Visual Studio Version 17
VisualStudioVersion = 17.1.32421.90
MinimumVisualStudioVersion = 10.0.40219.1
Project("{9A19103F-16F7-4668-BE54-9A1E7A4F7556}") = "testTaskAppA", "testTaskAppA\testTaskAppA.csproj", "{333A326E-BAC8-41CF-8645-483B4B92746D}"
EndProject
Project("{9A19103F-16F7-4668-BE54-9A1E7A4F7556}") = "testTaskAppB.BusinessLogic", "testTaskAppB.BusinessLogic\testTaskAppB.BusinessLogic.csproj", "{391D4030-D214-428F-A7C3-7BEE15526035}"
EndProject
Project("{9A19103F-16F7-4668-BE54-9A1E7A4F7556}") = "testTaskAppB.Repository", "testTaskAppB.Repository\testTaskAppB.Repository.csproj", "{F5353393-E91E-4B74-8EA1-47FAAA8BDCDD}"
EndProject
Project("{FAE04EC0-301F-11D3-BF4B-00C04F79EFBC}") = "testTaskAppB", "testTaskAppB\testTaskAppB.csproj", "{5CA620E0-F533-4D40-8A0D-5313E11C5CCE}"
EndProject
Global
	GlobalSection(SolutionConfigurationPlatforms) = preSolution
		Debug|Any CPU = Debug|Any CPU
		Release|Any CPU = Release|Any CPU
	EndGlobalSection
	GlobalSection(ProjectConfigurationPlatforms) = postSolution
		{333A326E-BAC8-41CF-8645-483B4B92746D}.Debug|Any CPU.ActiveCfg = Debug|Any CPU
		{333A326E-BAC8-41CF-8645-483B4B92746D}.Debug|Any CPU.Build.0 = Debug|Any CPU
		{333A326E-BAC8-41CF-8645-483B4B92746D}.Release|Any CPU.ActiveCfg = Release|Any CPU
		{333A326E-BAC8-41CF-8645-483B4B92746D}.Release|Any CPU.Build.0 = Release|Any CPU
		{391D4030-D214-428F-A7C3-7BEE15526035}.Debug|Any CPU.ActiveCfg = Debug|Any CPU
		{391D4030-D214-428F-A7C3-7BEE15526035}.Debug|Any CPU.Build.0 = Debug|Any CPU
		{391D4030-D214-428F-A7C3-7BEE15526035}.Release|Any CPU.ActiveCfg = Release|Any CPU
		{391D4030-D214-428F-A7C3-7BEE15526035}.Release|Any CPU.Build.0 = Release|Any CPU
		{F5353393-E91E-4B74-8EA1-47FAAA8BDCDD}.Debug|Any CPU.ActiveCfg = Debug|Any CPU
		{F5353393-E91E-4B74-8EA1-47FAAA8BDCDD}.Debug|Any CPU.Build.0 = Debug|Any CPU
		{F5353393-E91E-4B74-8EA1-47FAAA8BDCDD}.Release|Any CPU.ActiveCfg = Release|Any CPU
		{F5353393-E91E-4B74-8EA1-47FAAA8BDCDD}.Release|Any CPU.Build.0 = Release|Any CPU
		{5CA620E0-F533-4D40-8A0D-5313E11C5CCE}.Debug|Any CPU.ActiveCfg = Debug|Any CPU
		{5CA620E0-F533-4D40-8A0D-5313E11C5CCE}.Debug|Any CPU.Build.0 = Debug|Any CPU
		{5CA620E0-F533-4D40-8A0D-5313E11C5CCE}.Release|Any CPU.ActiveCfg = Release|Any CPU
		{5CA620E0-F533-4D40-8A0D-5313E11C5CCE}.Release|Any CPU.Build.0 = Release|Any CPU
	EndGlobalSection
	GlobalSection(SolutionProperties) = preSolution
		HideSolutionNode = FALSE
	EndGlobalSection
	GlobalSection(ExtensibilityGlobals) = postSolution
		SolutionGuid = {CF1CE248-E28F-4ED4-9414-6033C6764D3F}
	EndGlobalSection
EndGlobal
